
Microsoft Visual Studio Solution File, Format Version 12.00
# Visual Studio Version 16
VisualStudioVersion = 16.0.31729.503
MinimumVisualStudioVersion = 10.0.40219.1
Project("{FAE04EC0-301F-11D3-BF4B-00C04F79EFBC}") = "Spotifaille", "Spotifaille.csproj", "{0A418A4C-6D53-40F8-9402-A0FF54F448F0}"
EndProject
Global
	GlobalSection(SolutionConfigurationPlatforms) = preSolution
		Debug|Any CPU = Debug|Any CPU
		Release|Any CPU = Release|Any CPU
	EndGlobalSection
	GlobalSection(ProjectConfigurationPlatforms) = postSolution
		{0A418A4C-6D53-40F8-9402-A0FF54F448F0}.Debug|Any CPU.ActiveCfg = Debug|Any CPU
		{0A418A4C-6D53-40F8-9402-A0FF54F448F0}.Debug|Any CPU.Build.0 = Debug|Any CPU
		{0A418A4C-6D53-40F8-9402-A0FF54F448F0}.Release|Any CPU.ActiveCfg = Release|Any CPU
		{0A418A4C-6D53-40F8-9402-A0FF54F448F0}.Release|Any CPU.Build.0 = Release|Any CPU
	EndGlobalSection
	GlobalSection(SolutionProperties) = preSolution
		HideSolutionNode = FALSE
	EndGlobalSection
	GlobalSection(ExtensibilityGlobals) = postSolution
		SolutionGuid = {4531ECD2-42C0-4A29-816F-B28297006E5E}
	EndGlobalSection
EndGlobal
